
Microsoft Visual Studio Solution File, Format Version 12.00
# Visual Studio Version 17
VisualStudioVersion = 17.4.33103.184
MinimumVisualStudioVersion = 10.0.40219.1
Project("{FAE04EC0-301F-11D3-BF4B-00C04F79EFBC}") = "HelloWorld_1000", "HelloWorld_1000\HelloWorld_1000.csproj", "{97F178C9-D082-4766-A766-093C2275BEDE}"
EndProject
Global
	GlobalSection(SolutionConfigurationPlatforms) = preSolution
		Debug|Any CPU = Debug|Any CPU
		Release|Any CPU = Release|Any CPU
	EndGlobalSection
	GlobalSection(ProjectConfigurationPlatforms) = postSolution
		{97F178C9-D082-4766-A766-093C2275BEDE}.Debug|Any CPU.ActiveCfg = Debug|Any CPU
		{97F178C9-D082-4766-A766-093C2275BEDE}.Debug|Any CPU.Build.0 = Debug|Any CPU
		{97F178C9-D082-4766-A766-093C2275BEDE}.Release|Any CPU.ActiveCfg = Release|Any CPU
		{97F178C9-D082-4766-A766-093C2275BEDE}.Release|Any CPU.Build.0 = Release|Any CPU
	EndGlobalSection
	GlobalSection(SolutionProperties) = preSolution
		HideSolutionNode = FALSE
	EndGlobalSection
	GlobalSection(ExtensibilityGlobals) = postSolution
		SolutionGuid = {8A73F973-0514-4F4B-B03D-37C122A71FAD}
	EndGlobalSection
EndGlobal
