
Microsoft Visual Studio Solution File, Format Version 12.00
# Visual Studio Version 17
VisualStudioVersion = 17.4.33103.184
MinimumVisualStudioVersion = 10.0.40219.1
Project("{FAE04EC0-301F-11D3-BF4B-00C04F79EFBC}") = "ParOuImpar_1074", "ParOuImpar_1074\ParOuImpar_1074.csproj", "{A7590569-21FD-47CF-B08E-E1F2651CC9A7}"
EndProject
Global
	GlobalSection(SolutionConfigurationPlatforms) = preSolution
		Debug|Any CPU = Debug|Any CPU
		Release|Any CPU = Release|Any CPU
	EndGlobalSection
	GlobalSection(ProjectConfigurationPlatforms) = postSolution
		{A7590569-21FD-47CF-B08E-E1F2651CC9A7}.Debug|Any CPU.ActiveCfg = Debug|Any CPU
		{A7590569-21FD-47CF-B08E-E1F2651CC9A7}.Debug|Any CPU.Build.0 = Debug|Any CPU
		{A7590569-21FD-47CF-B08E-E1F2651CC9A7}.Release|Any CPU.ActiveCfg = Release|Any CPU
		{A7590569-21FD-47CF-B08E-E1F2651CC9A7}.Release|Any CPU.Build.0 = Release|Any CPU
	EndGlobalSection
	GlobalSection(SolutionProperties) = preSolution
		HideSolutionNode = FALSE
	EndGlobalSection
	GlobalSection(ExtensibilityGlobals) = postSolution
		SolutionGuid = {D8D9D840-8894-472E-A11E-548FA7D66EA2}
	EndGlobalSection
EndGlobal
