
Microsoft Visual Studio Solution File, Format Version 12.00
# Visual Studio Version 17
VisualStudioVersion = 17.4.33103.184
MinimumVisualStudioVersion = 10.0.40219.1
Project("{FAE04EC0-301F-11D3-BF4B-00C04F79EFBC}") = "AreaDoCirculo_1002", "AreaDoCirculo_1002\AreaDoCirculo_1002.csproj", "{0E33D9E5-5BB6-4F06-8B35-041C13B870DE}"
EndProject
Global
	GlobalSection(SolutionConfigurationPlatforms) = preSolution
		Debug|Any CPU = Debug|Any CPU
		Release|Any CPU = Release|Any CPU
	EndGlobalSection
	GlobalSection(ProjectConfigurationPlatforms) = postSolution
		{0E33D9E5-5BB6-4F06-8B35-041C13B870DE}.Debug|Any CPU.ActiveCfg = Debug|Any CPU
		{0E33D9E5-5BB6-4F06-8B35-041C13B870DE}.Debug|Any CPU.Build.0 = Debug|Any CPU
		{0E33D9E5-5BB6-4F06-8B35-041C13B870DE}.Release|Any CPU.ActiveCfg = Release|Any CPU
		{0E33D9E5-5BB6-4F06-8B35-041C13B870DE}.Release|Any CPU.Build.0 = Release|Any CPU
	EndGlobalSection
	GlobalSection(SolutionProperties) = preSolution
		HideSolutionNode = FALSE
	EndGlobalSection
	GlobalSection(ExtensibilityGlobals) = postSolution
		SolutionGuid = {328273E7-C87A-4438-B51A-206177638823}
	EndGlobalSection
EndGlobal
