
Microsoft Visual Studio Solution File, Format Version 12.00
# Visual Studio Version 17
VisualStudioVersion = 17.4.33103.184
MinimumVisualStudioVersion = 10.0.40219.1
Project("{FAE04EC0-301F-11D3-BF4B-00C04F79EFBC}") = "TempoDeJogoComMinutos_1047", "TempoDeJogoComMinutos_1047\TempoDeJogoComMinutos_1047.csproj", "{EB0BA86B-11E1-4365-9024-25D138482AD4}"
EndProject
Global
	GlobalSection(SolutionConfigurationPlatforms) = preSolution
		Debug|Any CPU = Debug|Any CPU
		Release|Any CPU = Release|Any CPU
	EndGlobalSection
	GlobalSection(ProjectConfigurationPlatforms) = postSolution
		{EB0BA86B-11E1-4365-9024-25D138482AD4}.Debug|Any CPU.ActiveCfg = Debug|Any CPU
		{EB0BA86B-11E1-4365-9024-25D138482AD4}.Debug|Any CPU.Build.0 = Debug|Any CPU
		{EB0BA86B-11E1-4365-9024-25D138482AD4}.Release|Any CPU.ActiveCfg = Release|Any CPU
		{EB0BA86B-11E1-4365-9024-25D138482AD4}.Release|Any CPU.Build.0 = Release|Any CPU
	EndGlobalSection
	GlobalSection(SolutionProperties) = preSolution
		HideSolutionNode = FALSE
	EndGlobalSection
	GlobalSection(ExtensibilityGlobals) = postSolution
		SolutionGuid = {B20F797B-B61C-4F18-A1ED-F10406DD8BF9}
	EndGlobalSection
EndGlobal
