
Microsoft Visual Studio Solution File, Format Version 12.00
# Visual Studio Version 17
VisualStudioVersion = 17.4.33103.184
MinimumVisualStudioVersion = 10.0.40219.1
Project("{FAE04EC0-301F-11D3-BF4B-00C04F79EFBC}") = "OMaior_1013", "OMaior_1013\OMaior_1013.csproj", "{62DB9B14-7E9A-4D2C-A6F1-1FDB21A53AF2}"
EndProject
Global
	GlobalSection(SolutionConfigurationPlatforms) = preSolution
		Debug|Any CPU = Debug|Any CPU
		Release|Any CPU = Release|Any CPU
	EndGlobalSection
	GlobalSection(ProjectConfigurationPlatforms) = postSolution
		{62DB9B14-7E9A-4D2C-A6F1-1FDB21A53AF2}.Debug|Any CPU.ActiveCfg = Debug|Any CPU
		{62DB9B14-7E9A-4D2C-A6F1-1FDB21A53AF2}.Debug|Any CPU.Build.0 = Debug|Any CPU
		{62DB9B14-7E9A-4D2C-A6F1-1FDB21A53AF2}.Release|Any CPU.ActiveCfg = Release|Any CPU
		{62DB9B14-7E9A-4D2C-A6F1-1FDB21A53AF2}.Release|Any CPU.Build.0 = Release|Any CPU
	EndGlobalSection
	GlobalSection(SolutionProperties) = preSolution
		HideSolutionNode = FALSE
	EndGlobalSection
	GlobalSection(ExtensibilityGlobals) = postSolution
		SolutionGuid = {6747E591-D0E3-4653-978F-3D6705E58CD6}
	EndGlobalSection
EndGlobal
