
Microsoft Visual Studio Solution File, Format Version 12.00
# Visual Studio Version 17
VisualStudioVersion = 17.4.33103.184
MinimumVisualStudioVersion = 10.0.40219.1
Project("{FAE04EC0-301F-11D3-BF4B-00C04F79EFBC}") = "Diferenca_1007", "Diferenca_1007\Diferenca_1007.csproj", "{D0659430-706C-4B17-80E4-EB14E848C7A6}"
EndProject
Global
	GlobalSection(SolutionConfigurationPlatforms) = preSolution
		Debug|Any CPU = Debug|Any CPU
		Release|Any CPU = Release|Any CPU
	EndGlobalSection
	GlobalSection(ProjectConfigurationPlatforms) = postSolution
		{D0659430-706C-4B17-80E4-EB14E848C7A6}.Debug|Any CPU.ActiveCfg = Debug|Any CPU
		{D0659430-706C-4B17-80E4-EB14E848C7A6}.Debug|Any CPU.Build.0 = Debug|Any CPU
		{D0659430-706C-4B17-80E4-EB14E848C7A6}.Release|Any CPU.ActiveCfg = Release|Any CPU
		{D0659430-706C-4B17-80E4-EB14E848C7A6}.Release|Any CPU.Build.0 = Release|Any CPU
	EndGlobalSection
	GlobalSection(SolutionProperties) = preSolution
		HideSolutionNode = FALSE
	EndGlobalSection
	GlobalSection(ExtensibilityGlobals) = postSolution
		SolutionGuid = {1FF2C046-0EB9-424C-A238-A3DD61CC8ED5}
	EndGlobalSection
EndGlobal
