
Microsoft Visual Studio Solution File, Format Version 12.00
# Visual Studio Version 17
VisualStudioVersion = 17.4.33103.184
MinimumVisualStudioVersion = 10.0.40219.1
Project("{FAE04EC0-301F-11D3-BF4B-00C04F79EFBC}") = "SequenciaIJ4_1098", "SequenciaIJ4_1098\SequenciaIJ4_1098.csproj", "{D1701F14-2728-4A97-B328-8C7DDFA1FDC9}"
EndProject
Global
	GlobalSection(SolutionConfigurationPlatforms) = preSolution
		Debug|Any CPU = Debug|Any CPU
		Release|Any CPU = Release|Any CPU
	EndGlobalSection
	GlobalSection(ProjectConfigurationPlatforms) = postSolution
		{D1701F14-2728-4A97-B328-8C7DDFA1FDC9}.Debug|Any CPU.ActiveCfg = Debug|Any CPU
		{D1701F14-2728-4A97-B328-8C7DDFA1FDC9}.Debug|Any CPU.Build.0 = Debug|Any CPU
		{D1701F14-2728-4A97-B328-8C7DDFA1FDC9}.Release|Any CPU.ActiveCfg = Release|Any CPU
		{D1701F14-2728-4A97-B328-8C7DDFA1FDC9}.Release|Any CPU.Build.0 = Release|Any CPU
	EndGlobalSection
	GlobalSection(SolutionProperties) = preSolution
		HideSolutionNode = FALSE
	EndGlobalSection
	GlobalSection(ExtensibilityGlobals) = postSolution
		SolutionGuid = {DF8BCC9E-973B-48AC-945C-FF521A417DFC}
	EndGlobalSection
EndGlobal
