
Microsoft Visual Studio Solution File, Format Version 12.00
# Visual Studio Version 17
VisualStudioVersion = 17.4.33103.184
MinimumVisualStudioVersion = 10.0.40219.1
Project("{FAE04EC0-301F-11D3-BF4B-00C04F79EFBC}") = "SequenciaDeNumerosESoma_1101", "SequenciaDeNumerosESoma_1101\SequenciaDeNumerosESoma_1101.csproj", "{17DCFC59-6D36-43AD-BB4A-EA7EE4092DDE}"
EndProject
Global
	GlobalSection(SolutionConfigurationPlatforms) = preSolution
		Debug|Any CPU = Debug|Any CPU
		Release|Any CPU = Release|Any CPU
	EndGlobalSection
	GlobalSection(ProjectConfigurationPlatforms) = postSolution
		{17DCFC59-6D36-43AD-BB4A-EA7EE4092DDE}.Debug|Any CPU.ActiveCfg = Debug|Any CPU
		{17DCFC59-6D36-43AD-BB4A-EA7EE4092DDE}.Debug|Any CPU.Build.0 = Debug|Any CPU
		{17DCFC59-6D36-43AD-BB4A-EA7EE4092DDE}.Release|Any CPU.ActiveCfg = Release|Any CPU
		{17DCFC59-6D36-43AD-BB4A-EA7EE4092DDE}.Release|Any CPU.Build.0 = Release|Any CPU
	EndGlobalSection
	GlobalSection(SolutionProperties) = preSolution
		HideSolutionNode = FALSE
	EndGlobalSection
	GlobalSection(ExtensibilityGlobals) = postSolution
		SolutionGuid = {910138A0-F56E-4D1F-9DC3-68CBF9D8770D}
	EndGlobalSection
EndGlobal
