
Microsoft Visual Studio Solution File, Format Version 12.00
# Visual Studio Version 17
VisualStudioVersion = 17.4.33103.184
MinimumVisualStudioVersion = 10.0.40219.1
Project("{FAE04EC0-301F-11D3-BF4B-00C04F79EFBC}") = "SequenciaIJ1_1095", "SequenciaIJ1_1095\SequenciaIJ1_1095.csproj", "{A0B77BFE-653B-4A26-97CD-46D9CD5F8B58}"
EndProject
Global
	GlobalSection(SolutionConfigurationPlatforms) = preSolution
		Debug|Any CPU = Debug|Any CPU
		Release|Any CPU = Release|Any CPU
	EndGlobalSection
	GlobalSection(ProjectConfigurationPlatforms) = postSolution
		{A0B77BFE-653B-4A26-97CD-46D9CD5F8B58}.Debug|Any CPU.ActiveCfg = Debug|Any CPU
		{A0B77BFE-653B-4A26-97CD-46D9CD5F8B58}.Debug|Any CPU.Build.0 = Debug|Any CPU
		{A0B77BFE-653B-4A26-97CD-46D9CD5F8B58}.Release|Any CPU.ActiveCfg = Release|Any CPU
		{A0B77BFE-653B-4A26-97CD-46D9CD5F8B58}.Release|Any CPU.Build.0 = Release|Any CPU
	EndGlobalSection
	GlobalSection(SolutionProperties) = preSolution
		HideSolutionNode = FALSE
	EndGlobalSection
	GlobalSection(ExtensibilityGlobals) = postSolution
		SolutionGuid = {3202A3D6-8C01-420E-8CD1-52E2445DB857}
	EndGlobalSection
EndGlobal
