
Microsoft Visual Studio Solution File, Format Version 12.00
# Visual Studio Version 17
VisualStudioVersion = 17.4.33103.184
MinimumVisualStudioVersion = 10.0.40219.1
Project("{FAE04EC0-301F-11D3-BF4B-00C04F79EFBC}") = "Lanche_1038", "Lanche_1038\Lanche_1038.csproj", "{12706CDE-0339-4D3F-9E06-74260A987068}"
EndProject
Global
	GlobalSection(SolutionConfigurationPlatforms) = preSolution
		Debug|Any CPU = Debug|Any CPU
		Release|Any CPU = Release|Any CPU
	EndGlobalSection
	GlobalSection(ProjectConfigurationPlatforms) = postSolution
		{12706CDE-0339-4D3F-9E06-74260A987068}.Debug|Any CPU.ActiveCfg = Debug|Any CPU
		{12706CDE-0339-4D3F-9E06-74260A987068}.Debug|Any CPU.Build.0 = Debug|Any CPU
		{12706CDE-0339-4D3F-9E06-74260A987068}.Release|Any CPU.ActiveCfg = Release|Any CPU
		{12706CDE-0339-4D3F-9E06-74260A987068}.Release|Any CPU.Build.0 = Release|Any CPU
	EndGlobalSection
	GlobalSection(SolutionProperties) = preSolution
		HideSolutionNode = FALSE
	EndGlobalSection
	GlobalSection(ExtensibilityGlobals) = postSolution
		SolutionGuid = {8653E0FB-6C06-45D8-8BF6-4FBB48A5B34A}
	EndGlobalSection
EndGlobal
