
Microsoft Visual Studio Solution File, Format Version 12.00
# Visual Studio Version 17
VisualStudioVersion = 17.4.33103.184
MinimumVisualStudioVersion = 10.0.40219.1
Project("{FAE04EC0-301F-11D3-BF4B-00C04F79EFBC}") = "Multiplos_1044", "Multiplos_1044\Multiplos_1044.csproj", "{7352941E-0AAE-4A95-A990-0A80F36DB228}"
EndProject
Global
	GlobalSection(SolutionConfigurationPlatforms) = preSolution
		Debug|Any CPU = Debug|Any CPU
		Release|Any CPU = Release|Any CPU
	EndGlobalSection
	GlobalSection(ProjectConfigurationPlatforms) = postSolution
		{7352941E-0AAE-4A95-A990-0A80F36DB228}.Debug|Any CPU.ActiveCfg = Debug|Any CPU
		{7352941E-0AAE-4A95-A990-0A80F36DB228}.Debug|Any CPU.Build.0 = Debug|Any CPU
		{7352941E-0AAE-4A95-A990-0A80F36DB228}.Release|Any CPU.ActiveCfg = Release|Any CPU
		{7352941E-0AAE-4A95-A990-0A80F36DB228}.Release|Any CPU.Build.0 = Release|Any CPU
	EndGlobalSection
	GlobalSection(SolutionProperties) = preSolution
		HideSolutionNode = FALSE
	EndGlobalSection
	GlobalSection(ExtensibilityGlobals) = postSolution
		SolutionGuid = {64A9F1AA-7749-4D35-8066-7F0B4DD7E723}
	EndGlobalSection
EndGlobal
