
Microsoft Visual Studio Solution File, Format Version 12.00
# Visual Studio Version 17
VisualStudioVersion = 17.4.33103.184
MinimumVisualStudioVersion = 10.0.40219.1
Project("{FAE04EC0-301F-11D3-BF4B-00C04F79EFBC}") = "SenhaFixa_1114", "SenhaFixa_1114\SenhaFixa_1114.csproj", "{711BC088-392A-4B12-987A-ED5733F1507B}"
EndProject
Global
	GlobalSection(SolutionConfigurationPlatforms) = preSolution
		Debug|Any CPU = Debug|Any CPU
		Release|Any CPU = Release|Any CPU
	EndGlobalSection
	GlobalSection(ProjectConfigurationPlatforms) = postSolution
		{711BC088-392A-4B12-987A-ED5733F1507B}.Debug|Any CPU.ActiveCfg = Debug|Any CPU
		{711BC088-392A-4B12-987A-ED5733F1507B}.Debug|Any CPU.Build.0 = Debug|Any CPU
		{711BC088-392A-4B12-987A-ED5733F1507B}.Release|Any CPU.ActiveCfg = Release|Any CPU
		{711BC088-392A-4B12-987A-ED5733F1507B}.Release|Any CPU.Build.0 = Release|Any CPU
	EndGlobalSection
	GlobalSection(SolutionProperties) = preSolution
		HideSolutionNode = FALSE
	EndGlobalSection
	GlobalSection(ExtensibilityGlobals) = postSolution
		SolutionGuid = {0BD14529-197A-47BB-8FB9-398D07A1C4AB}
	EndGlobalSection
EndGlobal
