
Microsoft Visual Studio Solution File, Format Version 12.00
# Visual Studio Version 17
VisualStudioVersion = 17.4.33103.184
MinimumVisualStudioVersion = 10.0.40219.1
Project("{FAE04EC0-301F-11D3-BF4B-00C04F79EFBC}") = "VariasNotasComValidacao_1118", "VariasNotasComValidacao_1118\VariasNotasComValidacao_1118.csproj", "{D6E7F1B2-4B4D-47D5-BDF3-BA330DCCCB69}"
EndProject
Global
	GlobalSection(SolutionConfigurationPlatforms) = preSolution
		Debug|Any CPU = Debug|Any CPU
		Release|Any CPU = Release|Any CPU
	EndGlobalSection
	GlobalSection(ProjectConfigurationPlatforms) = postSolution
		{D6E7F1B2-4B4D-47D5-BDF3-BA330DCCCB69}.Debug|Any CPU.ActiveCfg = Debug|Any CPU
		{D6E7F1B2-4B4D-47D5-BDF3-BA330DCCCB69}.Debug|Any CPU.Build.0 = Debug|Any CPU
		{D6E7F1B2-4B4D-47D5-BDF3-BA330DCCCB69}.Release|Any CPU.ActiveCfg = Release|Any CPU
		{D6E7F1B2-4B4D-47D5-BDF3-BA330DCCCB69}.Release|Any CPU.Build.0 = Release|Any CPU
	EndGlobalSection
	GlobalSection(SolutionProperties) = preSolution
		HideSolutionNode = FALSE
	EndGlobalSection
	GlobalSection(ExtensibilityGlobals) = postSolution
		SolutionGuid = {4B8A5821-E6BE-4281-982A-704FBA28EACF}
	EndGlobalSection
EndGlobal
