
Microsoft Visual Studio Solution File, Format Version 12.00
# Visual Studio Version 17
VisualStudioVersion = 17.4.33103.184
MinimumVisualStudioVersion = 10.0.40219.1
Project("{FAE04EC0-301F-11D3-BF4B-00C04F79EFBC}") = "NotasEMoedas_1021", "NotasEMoedas_1021\NotasEMoedas_1021.csproj", "{9263920F-EA0B-42EF-8F68-BE282BCF1426}"
EndProject
Global
	GlobalSection(SolutionConfigurationPlatforms) = preSolution
		Debug|Any CPU = Debug|Any CPU
		Release|Any CPU = Release|Any CPU
	EndGlobalSection
	GlobalSection(ProjectConfigurationPlatforms) = postSolution
		{9263920F-EA0B-42EF-8F68-BE282BCF1426}.Debug|Any CPU.ActiveCfg = Debug|Any CPU
		{9263920F-EA0B-42EF-8F68-BE282BCF1426}.Debug|Any CPU.Build.0 = Debug|Any CPU
		{9263920F-EA0B-42EF-8F68-BE282BCF1426}.Release|Any CPU.ActiveCfg = Release|Any CPU
		{9263920F-EA0B-42EF-8F68-BE282BCF1426}.Release|Any CPU.Build.0 = Release|Any CPU
	EndGlobalSection
	GlobalSection(SolutionProperties) = preSolution
		HideSolutionNode = FALSE
	EndGlobalSection
	GlobalSection(ExtensibilityGlobals) = postSolution
		SolutionGuid = {5DD9A116-F34D-473C-A480-0E023E60DC78}
	EndGlobalSection
EndGlobal
